// !$*UTF8*$!
{
	archiveVersion = 1;
	classes = {
	};
	objectVersion = 55;
	objects = {

/* Begin PBXBuildFile section */
		A42AF30E26FF41163EF94DE5 /* Pods_Random_User_Generator.framework in Frameworks */ = {isa = PBXBuildFile; fileRef = ED2C555EA8EEC9F40B9F04AA /* Pods_Random_User_Generator.framework */; };
		D0590E50279EB4D500DA0A10 /* Picture.swift in Sources */ = {isa = PBXBuildFile; fileRef = D0590E43279EB4D300DA0A10 /* Picture.swift */; };
		D0590E51279EB4D500DA0A10 /* Location.swift in Sources */ = {isa = PBXBuildFile; fileRef = D0590E44279EB4D300DA0A10 /* Location.swift */; };
		D0590E52279EB4D500DA0A10 /* Street.swift in Sources */ = {isa = PBXBuildFile; fileRef = D0590E45279EB4D300DA0A10 /* Street.swift */; };
		D0590E53279EB4D500DA0A10 /* Dob.swift in Sources */ = {isa = PBXBuildFile; fileRef = D0590E46279EB4D300DA0A10 /* Dob.swift */; };
		D0590E54279EB4D500DA0A10 /* Name.swift in Sources */ = {isa = PBXBuildFile; fileRef = D0590E47279EB4D300DA0A10 /* Name.swift */; };
		D0590E55279EB4D500DA0A10 /* Login.swift in Sources */ = {isa = PBXBuildFile; fileRef = D0590E48279EB4D400DA0A10 /* Login.swift */; };
		D0590E56279EB4D500DA0A10 /* Registered.swift in Sources */ = {isa = PBXBuildFile; fileRef = D0590E49279EB4D400DA0A10 /* Registered.swift */; };
		D0590E57279EB4D500DA0A10 /* Timezone.swift in Sources */ = {isa = PBXBuildFile; fileRef = D0590E4A279EB4D400DA0A10 /* Timezone.swift */; };
		D0590E58279EB4D500DA0A10 /* Coordinates.swift in Sources */ = {isa = PBXBuildFile; fileRef = D0590E4B279EB4D400DA0A10 /* Coordinates.swift */; };
		D0590E59279EB4D500DA0A10 /* Info.swift in Sources */ = {isa = PBXBuildFile; fileRef = D0590E4C279EB4D400DA0A10 /* Info.swift */; };
		D0590E5A279EB4D500DA0A10 /* Json4Swift_Base.swift in Sources */ = {isa = PBXBuildFile; fileRef = D0590E4D279EB4D400DA0A10 /* Json4Swift_Base.swift */; };
		D0590E5B279EB4D500DA0A10 /* Id.swift in Sources */ = {isa = PBXBuildFile; fileRef = D0590E4E279EB4D500DA0A10 /* Id.swift */; };
		D0590E5C279EB4D500DA0A10 /* Results.swift in Sources */ = {isa = PBXBuildFile; fileRef = D0590E4F279EB4D500DA0A10 /* Results.swift */; };
		D0590E5E279EB53B00DA0A10 /* Podfile in Resources */ = {isa = PBXBuildFile; fileRef = D0590E5D279EB53B00DA0A10 /* Podfile */; };
		D0590E61279EB69300DA0A10 /* NetworkManager.swift in Sources */ = {isa = PBXBuildFile; fileRef = D0590E60279EB69300DA0A10 /* NetworkManager.swift */; };
		D0590E63279EBF8400DA0A10 /* DetailsViewController.swift in Sources */ = {isa = PBXBuildFile; fileRef = D0590E62279EBF8400DA0A10 /* DetailsViewController.swift */; };
		D074C3CF279C9C4D00CF1CDB /* AppDelegate.swift in Sources */ = {isa = PBXBuildFile; fileRef = D074C3CE279C9C4D00CF1CDB /* AppDelegate.swift */; };
		D074C3D1279C9C4D00CF1CDB /* SceneDelegate.swift in Sources */ = {isa = PBXBuildFile; fileRef = D074C3D0279C9C4D00CF1CDB /* SceneDelegate.swift */; };
		D074C3D3279C9C4D00CF1CDB /* ListViewController.swift in Sources */ = {isa = PBXBuildFile; fileRef = D074C3D2279C9C4D00CF1CDB /* ListViewController.swift */; };
		D074C3D6279C9C4D00CF1CDB /* Main.storyboard in Resources */ = {isa = PBXBuildFile; fileRef = D074C3D4279C9C4D00CF1CDB /* Main.storyboard */; };
		D074C3D8279C9C5300CF1CDB /* Assets.xcassets in Resources */ = {isa = PBXBuildFile; fileRef = D074C3D7279C9C5300CF1CDB /* Assets.xcassets */; };
		D074C3DB279C9C5300CF1CDB /* LaunchScreen.storyboard in Resources */ = {isa = PBXBuildFile; fileRef = D074C3D9279C9C5300CF1CDB /* LaunchScreen.storyboard */; };
/* End PBXBuildFile section */

/* Begin PBXFileReference section */
		0D5E098DFC97B2653C08497E /* Pods-Random User Generator.release.xcconfig */ = {isa = PBXFileReference; includeInIndex = 1; lastKnownFileType = text.xcconfig; name = "Pods-Random User Generator.release.xcconfig"; path = "Target Support Files/Pods-Random User Generator/Pods-Random User Generator.release.xcconfig"; sourceTree = "<group>"; };
		B106442B1C736982F81CD40B /* Pods-Random User Generator.debug.xcconfig */ = {isa = PBXFileReference; includeInIndex = 1; lastKnownFileType = text.xcconfig; name = "Pods-Random User Generator.debug.xcconfig"; path = "Target Support Files/Pods-Random User Generator/Pods-Random User Generator.debug.xcconfig"; sourceTree = "<group>"; };
		D0590E43279EB4D300DA0A10 /* Picture.swift */ = {isa = PBXFileReference; fileEncoding = 4; lastKnownFileType = sourcecode.swift; path = Picture.swift; sourceTree = "<group>"; };
		D0590E44279EB4D300DA0A10 /* Location.swift */ = {isa = PBXFileReference; fileEncoding = 4; lastKnownFileType = sourcecode.swift; path = Location.swift; sourceTree = "<group>"; };
		D0590E45279EB4D300DA0A10 /* Street.swift */ = {isa = PBXFileReference; fileEncoding = 4; lastKnownFileType = sourcecode.swift; path = Street.swift; sourceTree = "<group>"; };
		D0590E46279EB4D300DA0A10 /* Dob.swift */ = {isa = PBXFileReference; fileEncoding = 4; lastKnownFileType = sourcecode.swift; path = Dob.swift; sourceTree = "<group>"; };
		D0590E47279EB4D300DA0A10 /* Name.swift */ = {isa = PBXFileReference; fileEncoding = 4; lastKnownFileType = sourcecode.swift; path = Name.swift; sourceTree = "<group>"; };
		D0590E48279EB4D400DA0A10 /* Login.swift */ = {isa = PBXFileReference; fileEncoding = 4; lastKnownFileType = sourcecode.swift; path = Login.swift; sourceTree = "<group>"; };
		D0590E49279EB4D400DA0A10 /* Registered.swift */ = {isa = PBXFileReference; fileEncoding = 4; lastKnownFileType = sourcecode.swift; path = Registered.swift; sourceTree = "<group>"; };
		D0590E4A279EB4D400DA0A10 /* Timezone.swift */ = {isa = PBXFileReference; fileEncoding = 4; lastKnownFileType = sourcecode.swift; path = Timezone.swift; sourceTree = "<group>"; };
		D0590E4B279EB4D400DA0A10 /* Coordinates.swift */ = {isa = PBXFileReference; fileEncoding = 4; lastKnownFileType = sourcecode.swift; path = Coordinates.swift; sourceTree = "<group>"; };
		D0590E4C279EB4D400DA0A10 /* Info.swift */ = {isa = PBXFileReference; fileEncoding = 4; lastKnownFileType = sourcecode.swift; path = Info.swift; sourceTree = "<group>"; };
		D0590E4D279EB4D400DA0A10 /* Json4Swift_Base.swift */ = {isa = PBXFileReference; fileEncoding = 4; lastKnownFileType = sourcecode.swift; path = Json4Swift_Base.swift; sourceTree = "<group>"; };
		D0590E4E279EB4D500DA0A10 /* Id.swift */ = {isa = PBXFileReference; fileEncoding = 4; lastKnownFileType = sourcecode.swift; path = Id.swift; sourceTree = "<group>"; };
		D0590E4F279EB4D500DA0A10 /* Results.swift */ = {isa = PBXFileReference; fileEncoding = 4; lastKnownFileType = sourcecode.swift; path = Results.swift; sourceTree = "<group>"; };
		D0590E5D279EB53B00DA0A10 /* Podfile */ = {isa = PBXFileReference; fileEncoding = 4; lastKnownFileType = text; path = Podfile; sourceTree = "<group>"; };
		D0590E60279EB69300DA0A10 /* NetworkManager.swift */ = {isa = PBXFileReference; lastKnownFileType = sourcecode.swift; path = NetworkManager.swift; sourceTree = "<group>"; };
		D0590E62279EBF8400DA0A10 /* DetailsViewController.swift */ = {isa = PBXFileReference; lastKnownFileType = sourcecode.swift; path = DetailsViewController.swift; sourceTree = "<group>"; };
		D074C3CB279C9C4D00CF1CDB /* Random User Generator.app */ = {isa = PBXFileReference; explicitFileType = wrapper.application; includeInIndex = 0; path = "Random User Generator.app"; sourceTree = BUILT_PRODUCTS_DIR; };
		D074C3CE279C9C4D00CF1CDB /* AppDelegate.swift */ = {isa = PBXFileReference; lastKnownFileType = sourcecode.swift; path = AppDelegate.swift; sourceTree = "<group>"; };
		D074C3D0279C9C4D00CF1CDB /* SceneDelegate.swift */ = {isa = PBXFileReference; lastKnownFileType = sourcecode.swift; path = SceneDelegate.swift; sourceTree = "<group>"; };
		D074C3D2279C9C4D00CF1CDB /* ListViewController.swift */ = {isa = PBXFileReference; lastKnownFileType = sourcecode.swift; path = ListViewController.swift; sourceTree = "<group>"; };
		D074C3D5279C9C4D00CF1CDB /* Base */ = {isa = PBXFileReference; lastKnownFileType = file.storyboard; name = Base; path = Base.lproj/Main.storyboard; sourceTree = "<group>"; };
		D074C3D7279C9C5300CF1CDB /* Assets.xcassets */ = {isa = PBXFileReference; lastKnownFileType = folder.assetcatalog; path = Assets.xcassets; sourceTree = "<group>"; };
		D074C3DA279C9C5300CF1CDB /* Base */ = {isa = PBXFileReference; lastKnownFileType = file.storyboard; name = Base; path = Base.lproj/LaunchScreen.storyboard; sourceTree = "<group>"; };
		D074C3DC279C9C5300CF1CDB /* Info.plist */ = {isa = PBXFileReference; lastKnownFileType = text.plist.xml; path = Info.plist; sourceTree = "<group>"; };
		ED2C555EA8EEC9F40B9F04AA /* Pods_Random_User_Generator.framework */ = {isa = PBXFileReference; explicitFileType = wrapper.framework; includeInIndex = 0; path = Pods_Random_User_Generator.framework; sourceTree = BUILT_PRODUCTS_DIR; };
/* End PBXFileReference section */

/* Begin PBXFrameworksBuildPhase section */
		D074C3C8279C9C4D00CF1CDB /* Frameworks */ = {
			isa = PBXFrameworksBuildPhase;
			buildActionMask = 2147483647;
			files = (
				A42AF30E26FF41163EF94DE5 /* Pods_Random_User_Generator.framework in Frameworks */,
			);
			runOnlyForDeploymentPostprocessing = 0;
		};
/* End PBXFrameworksBuildPhase section */

/* Begin PBXGroup section */
		58CC4DA81BC6CF4239248DB0 /* Pods */ = {
			isa = PBXGroup;
			children = (
				B106442B1C736982F81CD40B /* Pods-Random User Generator.debug.xcconfig */,
				0D5E098DFC97B2653C08497E /* Pods-Random User Generator.release.xcconfig */,
			);
			path = Pods;
			sourceTree = "<group>";
		};
		CF23E3FBEC9FB4B2078CCCB0 /* Frameworks */ = {
			isa = PBXGroup;
			children = (
				ED2C555EA8EEC9F40B9F04AA /* Pods_Random_User_Generator.framework */,
			);
			name = Frameworks;
			sourceTree = "<group>";
		};
		D0590E42279EB4BD00DA0A10 /* Models */ = {
			isa = PBXGroup;
			children = (
				D0590E4B279EB4D400DA0A10 /* Coordinates.swift */,
				D0590E46279EB4D300DA0A10 /* Dob.swift */,
				D0590E4E279EB4D500DA0A10 /* Id.swift */,
				D0590E4C279EB4D400DA0A10 /* Info.swift */,
				D0590E4D279EB4D400DA0A10 /* Json4Swift_Base.swift */,
				D0590E44279EB4D300DA0A10 /* Location.swift */,
				D0590E48279EB4D400DA0A10 /* Login.swift */,
				D0590E47279EB4D300DA0A10 /* Name.swift */,
				D0590E43279EB4D300DA0A10 /* Picture.swift */,
				D0590E49279EB4D400DA0A10 /* Registered.swift */,
				D0590E4F279EB4D500DA0A10 /* Results.swift */,
				D0590E45279EB4D300DA0A10 /* Street.swift */,
				D0590E4A279EB4D400DA0A10 /* Timezone.swift */,
			);
			path = Models;
			sourceTree = "<group>";
		};
		D0590E5F279EB67900DA0A10 /* Managers */ = {
			isa = PBXGroup;
			children = (
				D0590E60279EB69300DA0A10 /* NetworkManager.swift */,
			);
			path = Managers;
			sourceTree = "<group>";
		};
		D074C3C2279C9C4D00CF1CDB = {
			isa = PBXGroup;
			children = (
				D0590E5D279EB53B00DA0A10 /* Podfile */,
				D074C3CD279C9C4D00CF1CDB /* Random User Generator */,
				D074C3CC279C9C4D00CF1CDB /* Products */,
				58CC4DA81BC6CF4239248DB0 /* Pods */,
				CF23E3FBEC9FB4B2078CCCB0 /* Frameworks */,
			);
			sourceTree = "<group>";
		};
		D074C3CC279C9C4D00CF1CDB /* Products */ = {
			isa = PBXGroup;
			children = (
				D074C3CB279C9C4D00CF1CDB /* Random User Generator.app */,
			);
			name = Products;
			sourceTree = "<group>";
		};
		D074C3CD279C9C4D00CF1CDB /* Random User Generator */ = {
			isa = PBXGroup;
			children = (
				D0590E5F279EB67900DA0A10 /* Managers */,
				D0590E42279EB4BD00DA0A10 /* Models */,
				D074C3E5279C9D0D00CF1CDB /* Resources */,
				D074C3E4279C9D0000CF1CDB /* Controllers */,
				D074C3E3279C9CE200CF1CDB /* App Main */,
				D074C3E2279C9C7D00CF1CDB /* Interface */,
			);
			path = "Random User Generator";
			sourceTree = "<group>";
		};
		D074C3E2279C9C7D00CF1CDB /* Interface */ = {
			isa = PBXGroup;
			children = (
				D074C3D4279C9C4D00CF1CDB /* Main.storyboard */,
			);
			path = Interface;
			sourceTree = "<group>";
		};
		D074C3E3279C9CE200CF1CDB /* App Main */ = {
			isa = PBXGroup;
			children = (
				D074C3D0279C9C4D00CF1CDB /* SceneDelegate.swift */,
				D074C3CE279C9C4D00CF1CDB /* AppDelegate.swift */,
			);
			path = "App Main";
			sourceTree = "<group>";
		};
		D074C3E4279C9D0000CF1CDB /* Controllers */ = {
			isa = PBXGroup;
			children = (
				D074C3D2279C9C4D00CF1CDB /* ListViewController.swift */,
				D0590E62279EBF8400DA0A10 /* DetailsViewController.swift */,
			);
			path = Controllers;
			sourceTree = "<group>";
		};
		D074C3E5279C9D0D00CF1CDB /* Resources */ = {
			isa = PBXGroup;
			children = (
				D074C3DC279C9C5300CF1CDB /* Info.plist */,
				D074C3D9279C9C5300CF1CDB /* LaunchScreen.storyboard */,
				D074C3D7279C9C5300CF1CDB /* Assets.xcassets */,
			);
			path = Resources;
			sourceTree = "<group>";
		};
/* End PBXGroup section */

/* Begin PBXNativeTarget section */
		D074C3CA279C9C4D00CF1CDB /* Random User Generator */ = {
			isa = PBXNativeTarget;
			buildConfigurationList = D074C3DF279C9C5300CF1CDB /* Build configuration list for PBXNativeTarget "Random User Generator" */;
			buildPhases = (
				200F857CC18EC78F3BE607C2 /* [CP] Check Pods Manifest.lock */,
				D074C3C7279C9C4D00CF1CDB /* Sources */,
				D074C3C8279C9C4D00CF1CDB /* Frameworks */,
				D074C3C9279C9C4D00CF1CDB /* Resources */,
				46BADB1EC7FBA0B3F913790A /* [CP] Embed Pods Frameworks */,
			);
			buildRules = (
			);
			dependencies = (
			);
			name = "Random User Generator";
			productName = "Random User Generator";
			productReference = D074C3CB279C9C4D00CF1CDB /* Random User Generator.app */;
			productType = "com.apple.product-type.application";
		};
/* End PBXNativeTarget section */

/* Begin PBXProject section */
		D074C3C3279C9C4D00CF1CDB /* Project object */ = {
			isa = PBXProject;
			attributes = {
				BuildIndependentTargetsInParallel = 1;
				LastSwiftUpdateCheck = 1310;
				LastUpgradeCheck = 1310;
				TargetAttributes = {
					D074C3CA279C9C4D00CF1CDB = {
						CreatedOnToolsVersion = 13.1;
					};
				};
			};
			buildConfigurationList = D074C3C6279C9C4D00CF1CDB /* Build configuration list for PBXProject "Random User Generator" */;
			compatibilityVersion = "Xcode 13.0";
			developmentRegion = en;
			hasScannedForEncodings = 0;
			knownRegions = (
				en,
				Base,
			);
			mainGroup = D074C3C2279C9C4D00CF1CDB;
			productRefGroup = D074C3CC279C9C4D00CF1CDB /* Products */;
			projectDirPath = "";
			projectRoot = "";
			targets = (
				D074C3CA279C9C4D00CF1CDB /* Random User Generator */,
			);
		};
/* End PBXProject section */

/* Begin PBXResourcesBuildPhase section */
		D074C3C9279C9C4D00CF1CDB /* Resources */ = {
			isa = PBXResourcesBuildPhase;
			buildActionMask = 2147483647;
			files = (
				D074C3DB279C9C5300CF1CDB /* LaunchScreen.storyboard in Resources */,
				D074C3D8279C9C5300CF1CDB /* Assets.xcassets in Resources */,
				D0590E5E279EB53B00DA0A10 /* Podfile in Resources */,
				D074C3D6279C9C4D00CF1CDB /* Main.storyboard in Resources */,
			);
			runOnlyForDeploymentPostprocessing = 0;
		};
/* End PBXResourcesBuildPhase section */

/* Begin PBXShellScriptBuildPhase section */
		200F857CC18EC78F3BE607C2 /* [CP] Check Pods Manifest.lock */ = {
			isa = PBXShellScriptBuildPhase;
			buildActionMask = 2147483647;
			files = (
			);
			inputFileListPaths = (
			);
			inputPaths = (
				"${PODS_PODFILE_DIR_PATH}/Podfile.lock",
				"${PODS_ROOT}/Manifest.lock",
			);
			name = "[CP] Check Pods Manifest.lock";
			outputFileListPaths = (
			);
			outputPaths = (
				"$(DERIVED_FILE_DIR)/Pods-Random User Generator-checkManifestLockResult.txt",
			);
			runOnlyForDeploymentPostprocessing = 0;
			shellPath = /bin/sh;
			shellScript = "diff \"${PODS_PODFILE_DIR_PATH}/Podfile.lock\" \"${PODS_ROOT}/Manifest.lock\" > /dev/null\nif [ $? != 0 ] ; then\n    # print error to STDERR\n    echo \"error: The sandbox is not in sync with the Podfile.lock. Run 'pod install' or update your CocoaPods installation.\" >&2\n    exit 1\nfi\n# This output is used by Xcode 'outputs' to avoid re-running this script phase.\necho \"SUCCESS\" > \"${SCRIPT_OUTPUT_FILE_0}\"\n";
			showEnvVarsInLog = 0;
		};
		46BADB1EC7FBA0B3F913790A /* [CP] Embed Pods Frameworks */ = {
			isa = PBXShellScriptBuildPhase;
			buildActionMask = 2147483647;
			files = (
			);
			inputFileListPaths = (
				"${PODS_ROOT}/Target Support Files/Pods-Random User Generator/Pods-Random User Generator-frameworks-${CONFIGURATION}-input-files.xcfilelist",
			);
			name = "[CP] Embed Pods Frameworks";
			outputFileListPaths = (
				"${PODS_ROOT}/Target Support Files/Pods-Random User Generator/Pods-Random User Generator-frameworks-${CONFIGURATION}-output-files.xcfilelist",
			);
			runOnlyForDeploymentPostprocessing = 0;
			shellPath = /bin/sh;
			shellScript = "\"${PODS_ROOT}/Target Support Files/Pods-Random User Generator/Pods-Random User Generator-frameworks.sh\"\n";
			showEnvVarsInLog = 0;
		};
/* End PBXShellScriptBuildPhase section */

/* Begin PBXSourcesBuildPhase section */
		D074C3C7279C9C4D00CF1CDB /* Sources */ = {
			isa = PBXSourcesBuildPhase;
			buildActionMask = 2147483647;
			files = (
				D0590E52279EB4D500DA0A10 /* Street.swift in Sources */,
				D0590E50279EB4D500DA0A10 /* Picture.swift in Sources */,
				D074C3D3279C9C4D00CF1CDB /* ListViewController.swift in Sources */,
				D0590E59279EB4D500DA0A10 /* Info.swift in Sources */,
				D0590E58279EB4D500DA0A10 /* Coordinates.swift in Sources */,
				D0590E5A279EB4D500DA0A10 /* Json4Swift_Base.swift in Sources */,
				D0590E51279EB4D500DA0A10 /* Location.swift in Sources */,
				D0590E53279EB4D500DA0A10 /* Dob.swift in Sources */,
				D0590E5B279EB4D500DA0A10 /* Id.swift in Sources */,
				D074C3CF279C9C4D00CF1CDB /* AppDelegate.swift in Sources */,
				D0590E61279EB69300DA0A10 /* NetworkManager.swift in Sources */,
				D0590E63279EBF8400DA0A10 /* DetailsViewController.swift in Sources */,
				D0590E5C279EB4D500DA0A10 /* Results.swift in Sources */,
				D0590E55279EB4D500DA0A10 /* Login.swift in Sources */,
				D0590E56279EB4D500DA0A10 /* Registered.swift in Sources */,
				D0590E54279EB4D500DA0A10 /* Name.swift in Sources */,
				D074C3D1279C9C4D00CF1CDB /* SceneDelegate.swift in Sources */,
				D0590E57279EB4D500DA0A10 /* Timezone.swift in Sources */,
			);
			runOnlyForDeploymentPostprocessing = 0;
		};
/* End PBXSourcesBuildPhase section */

/* Begin PBXVariantGroup section */
		D074C3D4279C9C4D00CF1CDB /* Main.storyboard */ = {
			isa = PBXVariantGroup;
			children = (
				D074C3D5279C9C4D00CF1CDB /* Base */,
			);
			name = Main.storyboard;
			sourceTree = "<group>";
		};
		D074C3D9279C9C5300CF1CDB /* LaunchScreen.storyboard */ = {
			isa = PBXVariantGroup;
			children = (
				D074C3DA279C9C5300CF1CDB /* Base */,
			);
			name = LaunchScreen.storyboard;
			sourceTree = "<group>";
		};
/* End PBXVariantGroup section */

/* Begin XCBuildConfiguration section */
		D074C3DD279C9C5300CF1CDB /* Debug */ = {
			isa = XCBuildConfiguration;
			buildSettings = {
				ALWAYS_SEARCH_USER_PATHS = NO;
				CLANG_ANALYZER_NONNULL = YES;
				CLANG_ANALYZER_NUMBER_OBJECT_CONVERSION = YES_AGGRESSIVE;
				CLANG_CXX_LANGUAGE_STANDARD = "gnu++17";
				CLANG_CXX_LIBRARY = "libc++";
				CLANG_ENABLE_MODULES = YES;
				CLANG_ENABLE_OBJC_ARC = YES;
				CLANG_ENABLE_OBJC_WEAK = YES;
				CLANG_WARN_BLOCK_CAPTURE_AUTORELEASING = YES;
				CLANG_WARN_BOOL_CONVERSION = YES;
				CLANG_WARN_COMMA = YES;
				CLANG_WARN_CONSTANT_CONVERSION = YES;
				CLANG_WARN_DEPRECATED_OBJC_IMPLEMENTATIONS = YES;
				CLANG_WARN_DIRECT_OBJC_ISA_USAGE = YES_ERROR;
				CLANG_WARN_DOCUMENTATION_COMMENTS = YES;
				CLANG_WARN_EMPTY_BODY = YES;
				CLANG_WARN_ENUM_CONVERSION = YES;
				CLANG_WARN_INFINITE_RECURSION = YES;
				CLANG_WARN_INT_CONVERSION = YES;
				CLANG_WARN_NON_LITERAL_NULL_CONVERSION = YES;
				CLANG_WARN_OBJC_IMPLICIT_RETAIN_SELF = YES;
				CLANG_WARN_OBJC_LITERAL_CONVERSION = YES;
				CLANG_WARN_OBJC_ROOT_CLASS = YES_ERROR;
				CLANG_WARN_QUOTED_INCLUDE_IN_FRAMEWORK_HEADER = YES;
				CLANG_WARN_RANGE_LOOP_ANALYSIS = YES;
				CLANG_WARN_STRICT_PROTOTYPES = YES;
				CLANG_WARN_SUSPICIOUS_MOVE = YES;
				CLANG_WARN_UNGUARDED_AVAILABILITY = YES_AGGRESSIVE;
				CLANG_WARN_UNREACHABLE_CODE = YES;
				CLANG_WARN__DUPLICATE_METHOD_MATCH = YES;
				COPY_PHASE_STRIP = NO;
				DEBUG_INFORMATION_FORMAT = dwarf;
				ENABLE_STRICT_OBJC_MSGSEND = YES;
				ENABLE_TESTABILITY = YES;
				GCC_C_LANGUAGE_STANDARD = gnu11;
				GCC_DYNAMIC_NO_PIC = NO;
				GCC_NO_COMMON_BLOCKS = YES;
				GCC_OPTIMIZATION_LEVEL = 0;
				GCC_PREPROCESSOR_DEFINITIONS = (
					"DEBUG=1",
					"$(inherited)",
				);
				GCC_WARN_64_TO_32_BIT_CONVERSION = YES;
				GCC_WARN_ABOUT_RETURN_TYPE = YES_ERROR;
				GCC_WARN_UNDECLARED_SELECTOR = YES;
				GCC_WARN_UNINITIALIZED_AUTOS = YES_AGGRESSIVE;
				GCC_WARN_UNUSED_FUNCTION = YES;
				GCC_WARN_UNUSED_VARIABLE = YES;
				IPHONEOS_DEPLOYMENT_TARGET = 15.0;
				MTL_ENABLE_DEBUG_INFO = INCLUDE_SOURCE;
				MTL_FAST_MATH = YES;
				ONLY_ACTIVE_ARCH = YES;
				SDKROOT = iphoneos;
				SWIFT_ACTIVE_COMPILATION_CONDITIONS = DEBUG;
				SWIFT_OPTIMIZATION_LEVEL = "-Onone";
			};
			name = Debug;
		};
		D074C3DE279C9C5300CF1CDB /* Release */ = {
			isa = XCBuildConfiguration;
			buildSettings = {
				ALWAYS_SEARCH_USER_PATHS = NO;
				CLANG_ANALYZER_NONNULL = YES;
				CLANG_ANALYZER_NUMBER_OBJECT_CONVERSION = YES_AGGRESSIVE;
				CLANG_CXX_LANGUAGE_STANDARD = "gnu++17";
				CLANG_CXX_LIBRARY = "libc++";
				CLANG_ENABLE_MODULES = YES;
				CLANG_ENABLE_OBJC_ARC = YES;
				CLANG_ENABLE_OBJC_WEAK = YES;
				CLANG_WARN_BLOCK_CAPTURE_AUTORELEASING = YES;
				CLANG_WARN_BOOL_CONVERSION = YES;
				CLANG_WARN_COMMA = YES;
				CLANG_WARN_CONSTANT_CONVERSION = YES;
				CLANG_WARN_DEPRECATED_OBJC_IMPLEMENTATIONS = YES;
				CLANG_WARN_DIRECT_OBJC_ISA_USAGE = YES_ERROR;
				CLANG_WARN_DOCUMENTATION_COMMENTS = YES;
				CLANG_WARN_EMPTY_BODY = YES;
				CLANG_WARN_ENUM_CONVERSION = YES;
				CLANG_WARN_INFINITE_RECURSION = YES;
				CLANG_WARN_INT_CONVERSION = YES;
				CLANG_WARN_NON_LITERAL_NULL_CONVERSION = YES;
				CLANG_WARN_OBJC_IMPLICIT_RETAIN_SELF = YES;
				CLANG_WARN_OBJC_LITERAL_CONVERSION = YES;
				CLANG_WARN_OBJC_ROOT_CLASS = YES_ERROR;
				CLANG_WARN_QUOTED_INCLUDE_IN_FRAMEWORK_HEADER = YES;
				CLANG_WARN_RANGE_LOOP_ANALYSIS = YES;
				CLANG_WARN_STRICT_PROTOTYPES = YES;
				CLANG_WARN_SUSPICIOUS_MOVE = YES;
				CLANG_WARN_UNGUARDED_AVAILABILITY = YES_AGGRESSIVE;
				CLANG_WARN_UNREACHABLE_CODE = YES;
				CLANG_WARN__DUPLICATE_METHOD_MATCH = YES;
				COPY_PHASE_STRIP = NO;
				DEBUG_INFORMATION_FORMAT = "dwarf-with-dsym";
				ENABLE_NS_ASSERTIONS = NO;
				ENABLE_STRICT_OBJC_MSGSEND = YES;
				GCC_C_LANGUAGE_STANDARD = gnu11;
				GCC_NO_COMMON_BLOCKS = YES;
				GCC_WARN_64_TO_32_BIT_CONVERSION = YES;
				GCC_WARN_ABOUT_RETURN_TYPE = YES_ERROR;
				GCC_WARN_UNDECLARED_SELECTOR = YES;
				GCC_WARN_UNINITIALIZED_AUTOS = YES_AGGRESSIVE;
				GCC_WARN_UNUSED_FUNCTION = YES;
				GCC_WARN_UNUSED_VARIABLE = YES;
				IPHONEOS_DEPLOYMENT_TARGET = 15.0;
				MTL_ENABLE_DEBUG_INFO = NO;
				MTL_FAST_MATH = YES;
				SDKROOT = iphoneos;
				SWIFT_COMPILATION_MODE = wholemodule;
				SWIFT_OPTIMIZATION_LEVEL = "-O";
				VALIDATE_PRODUCT = YES;
			};
			name = Release;
		};
		D074C3E0279C9C5300CF1CDB /* Debug */ = {
			isa = XCBuildConfiguration;
			baseConfigurationReference = B106442B1C736982F81CD40B /* Pods-Random User Generator.debug.xcconfig */;
			buildSettings = {
				ASSETCATALOG_COMPILER_APPICON_NAME = AppIcon;
				ASSETCATALOG_COMPILER_GLOBAL_ACCENT_COLOR_NAME = AccentColor;
				CODE_SIGN_STYLE = Automatic;
				CURRENT_PROJECT_VERSION = 1;
				DEVELOPMENT_TEAM = 39FM4A9F4N;
				GENERATE_INFOPLIST_FILE = YES;
				INFOPLIST_FILE = "Random User Generator/Resources/Info.plist";
				INFOPLIST_KEY_UIApplicationSupportsIndirectInputEvents = YES;
				INFOPLIST_KEY_UILaunchStoryboardName = LaunchScreen;
				INFOPLIST_KEY_UIMainStoryboardFile = Main;
				INFOPLIST_KEY_UISupportedInterfaceOrientations = UIInterfaceOrientationPortrait;
				INFOPLIST_KEY_UISupportedInterfaceOrientations_iPad = "UIInterfaceOrientationPortrait UIInterfaceOrientationPortraitUpsideDown UIInterfaceOrientationLandscapeLeft UIInterfaceOrientationLandscapeRight";
				INFOPLIST_KEY_UISupportedInterfaceOrientations_iPhone = "UIInterfaceOrientationPortrait UIInterfaceOrientationLandscapeLeft UIInterfaceOrientationLandscapeRight";
				LD_RUNPATH_SEARCH_PATHS = (
					"$(inherited)",
					"@executable_path/Frameworks",
				);
				MARKETING_VERSION = 1.0;
				PRODUCT_BUNDLE_IDENTIFIER = "Pavel-Bagan.Random-User-Generator";
				PRODUCT_NAME = "$(TARGET_NAME)";
				SWIFT_EMIT_LOC_STRINGS = YES;
				SWIFT_VERSION = 5.0;
				TARGETED_DEVICE_FAMILY = 1;
			};
			name = Debug;
		};
		D074C3E1279C9C5300CF1CDB /* Release */ = {
			isa = XCBuildConfiguration;
			baseConfigurationReference = 0D5E098DFC97B2653C08497E /* Pods-Random User Generator.release.xcconfig */;
			buildSettings = {
				ASSETCATALOG_COMPILER_APPICON_NAME = AppIcon;
				ASSETCATALOG_COMPILER_GLOBAL_ACCENT_COLOR_NAME = AccentColor;
				CODE_SIGN_STYLE = Automatic;
				CURRENT_PROJECT_VERSION = 1;
				DEVELOPMENT_TEAM = 39FM4A9F4N;
				GENERATE_INFOPLIST_FILE = YES;
				INFOPLIST_FILE = "Random User Generator/Resources/Info.plist";
				"INFOPLIST_FILE[sdk=*]" = "";
				INFOPLIST_KEY_UIApplicationSupportsIndirectInputEvents = YES;
				INFOPLIST_KEY_UILaunchStoryboardName = LaunchScreen;
				INFOPLIST_KEY_UIMainStoryboardFile = Main;
				INFOPLIST_KEY_UISupportedInterfaceOrientations = UIInterfaceOrientationPortrait;
				INFOPLIST_KEY_UISupportedInterfaceOrientations_iPad = "UIInterfaceOrientationPortrait UIInterfaceOrientationPortraitUpsideDown UIInterfaceOrientationLandscapeLeft UIInterfaceOrientationLandscapeRight";
				INFOPLIST_KEY_UISupportedInterfaceOrientations_iPhone = "UIInterfaceOrientationPortrait UIInterfaceOrientationLandscapeLeft UIInterfaceOrientationLandscapeRight";
				LD_RUNPATH_SEARCH_PATHS = (
					"$(inherited)",
					"@executable_path/Frameworks",
				);
				MARKETING_VERSION = 1.0;
				PRODUCT_BUNDLE_IDENTIFIER = "Pavel-Bagan.Random-User-Generator";
				PRODUCT_NAME = "$(TARGET_NAME)";
				SWIFT_EMIT_LOC_STRINGS = YES;
				SWIFT_VERSION = 5.0;
				TARGETED_DEVICE_FAMILY = 1;
			};
			name = Release;
		};
/* End XCBuildConfiguration section */

/* Begin XCConfigurationList section */
		D074C3C6279C9C4D00CF1CDB /* Build configuration list for PBXProject "Random User Generator" */ = {
			isa = XCConfigurationList;
			buildConfigurations = (
				D074C3DD279C9C5300CF1CDB /* Debug */,
				D074C3DE279C9C5300CF1CDB /* Release */,
			);
			defaultConfigurationIsVisible = 0;
			defaultConfigurationName = Release;
		};
		D074C3DF279C9C5300CF1CDB /* Build configuration list for PBXNativeTarget "Random User Generator" */ = {
			isa = XCConfigurationList;
			buildConfigurations = (
				D074C3E0279C9C5300CF1CDB /* Debug */,
				D074C3E1279C9C5300CF1CDB /* Release */,
			);
			defaultConfigurationIsVisible = 0;
			defaultConfigurationName = Release;
		};
/* End XCConfigurationList section */
	};
	rootObject = D074C3C3279C9C4D00CF1CDB /* Project object */;
}
